<?xml version="1.0" encoding="utf-8"?>
<Project ToolsVersion="4.0" xmlns="http://schemas.microsoft.com/developer/msbuild/2003">
  <ItemGroup>
    <Filter Include="Source Files">
      <UniqueIdentifier>{292b173c-44fb-4c34-b968-c74769490584}</UniqueIdentifier>
      <Extensions>cpp;c;cxx;rc;def;r;odl;idl;hpj;bat</Extensions>
    </Filter>
    <Filter Include="Header Files">
      <UniqueIdentifier>{2d5dd23f-0cc6-447f-a41a-2e7c6818fbc0}</UniqueIdentifier>
      <Extensions>h;hpp;hxx;hm;inl</Extensions>
    </Filter>
    <Filter Include="Resource Files">
      <UniqueIdentifier>{3311c4ee-a781-44e3-a3c3-e37a8d21c529}</UniqueIdentifier>
      <Extensions>ico;cur;bmp;dlg;rc2;rct;bin;rgs;gif;jpg;jpeg;jpe</Extensions>
    </Filter>
  </ItemGroup>
  <ItemGroup>
    <ClCompile Include="CalDesinu.cpp">
      <Filter>Source Files</Filter>
    </ClCompile>
    <ClCompile Include="FadingEParams.cpp">
      <Filter>Source Files</Filter>
    </ClCompile>
    <ClCompile Include="FolderDlg.cpp">
      <Filter>Source Files</Filter>
    </ClCompile>
    <ClCompile Include="MainFrm.cpp">
      <Filter>Source Files</Filter>
    </ClCompile>
    <ClCompile Include="MSCGui.cpp">
      <Filter>Source Files</Filter>
    </ClCompile>
    <ClCompile Include="MSCGuiDoc.cpp">
      <Filter>Source Files</Filter>
    </ClCompile>
    <ClCompile Include="MSCGuiView.cpp">
      <Filter>Source Files</Filter>
    </ClCompile>
    <ClCompile Include="MSCParamsDlg.cpp">
      <Filter>Source Files</Filter>
    </ClCompile>
    <ClCompile Include="StdAfx.cpp">
      <Filter>Source Files</Filter>
    </ClCompile>
    <ClCompile Include="ViewDewarpVideo.cpp">
      <Filter>Source Files</Filter>
    </ClCompile>
    <ClCompile Include="ViewMessage.cpp">
      <Filter>Source Files</Filter>
    </ClCompile>
    <ClCompile Include="ViewRawVideo.cpp">
      <Filter>Source Files</Filter>
    </ClCompile>
    <ClCompile Include="virtex5bmd.cpp">
      <Filter>Source Files</Filter>
    </ClCompile>
    <ClCompile Include="WRITEAVI.CPP">
      <Filter>Source Files</Filter>
    </ClCompile>
    <ClCompile Include="utils\netcomm\WinSock2Async.cpp">
      <Filter>Source Files</Filter>
    </ClCompile>
    <ClCompile Include="utils\netcomm\SockClient.cpp">
      <Filter>Source Files</Filter>
    </ClCompile>
    <ClCompile Include="utils\netcomm\SockListener.cpp">
      <Filter>Source Files</Filter>
    </ClCompile>
  </ItemGroup>
  <ItemGroup>
    <ResourceCompile Include="MSCGui.rc">
      <Filter>Source Files</Filter>
    </ResourceCompile>
  </ItemGroup>
  <ItemGroup>
    <ClInclude Include="CalDesinu.h">
      <Filter>Header Files</Filter>
    </ClInclude>
    <ClInclude Include="FadingEParams.h">
      <Filter>Header Files</Filter>
    </ClInclude>
    <ClInclude Include="FolderDlg.h">
      <Filter>Header Files</Filter>
    </ClInclude>
    <ClInclude Include="MainFrm.h">
      <Filter>Header Files</Filter>
    </ClInclude>
    <ClInclude Include="MSCGui.h">
      <Filter>Header Files</Filter>
    </ClInclude>
    <ClInclude Include="MSCGuiDoc.h">
      <Filter>Header Files</Filter>
    </ClInclude>
    <ClInclude Include="MSCGuiView.h">
      <Filter>Header Files</Filter>
    </ClInclude>
    <ClInclude Include="MSCParams.h">
      <Filter>Header Files</Filter>
    </ClInclude>
    <ClInclude Include="MSCParamsDlg.h">
      <Filter>Header Files</Filter>
    </ClInclude>
    <ClInclude Include="Resource.h">
      <Filter>Header Files</Filter>
    </ClInclude>
    <ClInclude Include="StdAfx.h">
      <Filter>Header Files</Filter>
    </ClInclude>
    <ClInclude Include="ViewDewarpVideo.h">
      <Filter>Header Files</Filter>
    </ClInclude>
    <ClInclude Include="ViewMessage.h">
      <Filter>Header Files</Filter>
    </ClInclude>
    <ClInclude Include="ViewRawVideo.h">
      <Filter>Header Files</Filter>
    </ClInclude>
    <ClInclude Include="virtex5bmd.h">
      <Filter>Header Files</Filter>
    </ClInclude>
    <ClInclude Include="WriteAVI.h">
      <Filter>Header Files</Filter>
    </ClInclude>
    <ClInclude Include="utils\netcomm\WinSock2Async.h">
      <Filter>Header Files</Filter>
    </ClInclude>
    <ClInclude Include="utils\netcomm\SockClient.h">
      <Filter>Header Files</Filter>
    </ClInclude>
    <ClInclude Include="utils\netcomm\SockListener.h">
      <Filter>Header Files</Filter>
    </ClInclude>
  </ItemGroup>
  <ItemGroup>
    <None Include="res\bitmap01.bmp">
      <Filter>Resource Files</Filter>
    </None>
    <None Include="res\bitmap02.bmp">
      <Filter>Resource Files</Filter>
    </None>
    <None Include="res\bitmap03.bmp">
      <Filter>Resource Files</Filter>
    </None>
    <None Include="res\bitmap04.bmp">
      <Filter>Resource Files</Filter>
    </None>
    <None Include="res\bitmap05.bmp">
      <Filter>Resource Files</Filter>
    </None>
    <None Include="res\bitmap06.bmp">
      <Filter>Resource Files</Filter>
    </None>
    <None Include="res\bitmap07.bmp">
      <Filter>Resource Files</Filter>
    </None>
    <None Include="res\bitmap08.bmp">
      <Filter>Resource Files</Filter>
    </None>
    <None Include="res\bitmap1.bmp">
      <Filter>Resource Files</Filter>
    </None>
    <None Include="res\MSCGui.ico">
      <Filter>Resource Files</Filter>
    </None>
    <None Include="res\MSCGui.rc2">
      <Filter>Resource Files</Filter>
    </None>
    <None Include="res\MSCGuiDoc.ico">
      <Filter>Resource Files</Filter>
    </None>
    <None Include="res\StimulusOff.bmp">
      <Filter>Resource Files</Filter>
    </None>
    <None Include="res\Toolbar.bmp">
      <Filter>Resource Files</Filter>
    </None>
    <None Include="breep.wav" />
    <None Include="ding.wav" />
    <None Include="ReadMe.txt" />
  </ItemGroup>
</Project>